// !$*UTF8*$!
{
	archiveVersion = 1;
	classes = {
	};
	objectVersion = 46;
	objects = {

/* Begin PBXBuildFile section */
		D308A82A1CE61C4A00F9FD66 /* AppDelegate.swift in Sources */ = {isa = PBXBuildFile; fileRef = D308A8291CE61C4A00F9FD66 /* AppDelegate.swift */; };
		D308A82C1CE61C4A00F9FD66 /* ViewController.swift in Sources */ = {isa = PBXBuildFile; fileRef = D308A82B1CE61C4A00F9FD66 /* ViewController.swift */; };
		D308A82F1CE61C4A00F9FD66 /* Main.storyboard in Resources */ = {isa = PBXBuildFile; fileRef = D308A82D1CE61C4A00F9FD66 /* Main.storyboard */; };
		D308A8311CE61C4A00F9FD66 /* Assets.xcassets in Resources */ = {isa = PBXBuildFile; fileRef = D308A8301CE61C4A00F9FD66 /* Assets.xcassets */; };
		D308A8341CE61C4A00F9FD66 /* LaunchScreen.storyboard in Resources */ = {isa = PBXBuildFile; fileRef = D308A8321CE61C4A00F9FD66 /* LaunchScreen.storyboard */; };
/* End PBXBuildFile section */

/* Begin PBXFileReference section */
		D308A8261CE61C4A00F9FD66 /* MobileTest.app */ = {isa = PBXFileReference; explicitFileType = wrapper.application; includeInIndex = 0; path = MobileTest.app; sourceTree = BUILT_PRODUCTS_DIR; };
		D308A8291CE61C4A00F9FD66 /* AppDelegate.swift */ = {isa = PBXFileReference; lastKnownFileType = sourcecode.swift; path = AppDelegate.swift; sourceTree = "<group>"; };
		D308A82B1CE61C4A00F9FD66 /* ViewController.swift */ = {isa = PBXFileReference; lastKnownFileType = sourcecode.swift; path = ViewController.swift; sourceTree = "<group>"; };
		D308A82E1CE61C4A00F9FD66 /* Base */ = {isa = PBXFileReference; lastKnownFileType = file.storyboard; name = Base; path = Base.lproj/Main.storyboard; sourceTree = "<group>"; };
		D308A8301CE61C4A00F9FD66 /* Assets.xcassets */ = {isa = PBXFileReference; lastKnownFileType = folder.assetcatalog; path = Assets.xcassets; sourceTree = "<group>"; };
		D308A8331CE61C4A00F9FD66 /* Base */ = {isa = PBXFileReference; lastKnownFileType = file.storyboard; name = Base; path = Base.lproj/LaunchScreen.storyboard; sourceTree = "<group>"; };
		D308A8351CE61C4A00F9FD66 /* Info.plist */ = {isa = PBXFileReference; lastKnownFileType = text.plist.xml; path = Info.plist; sourceTree = "<group>"; };
/* End PBXFileReference section */

/* Begin PBXFrameworksBuildPhase section */
		D308A8231CE61C4A00F9FD66 /* Frameworks */ = {
			isa = PBXFrameworksBuildPhase;
			buildActionMask = 2147483647;
			files = (
			);
			runOnlyForDeploymentPostprocessing = 0;
		};
/* End PBXFrameworksBuildPhase section */

/* Begin PBXGroup section */
		D308A81D1CE61C4A00F9FD66 = {
			isa = PBXGroup;
			children = (
				D308A8281CE61C4A00F9FD66 /* MobileTest */,
				D308A8271CE61C4A00F9FD66 /* Products */,
			);
			sourceTree = "<group>";
		};
		D308A8271CE61C4A00F9FD66 /* Products */ = {
			isa = PBXGroup;
			children = (
				D308A8261CE61C4A00F9FD66 /* MobileTest.app */,
			);
			name = Products;
			sourceTree = "<group>";
		};
		D308A8281CE61C4A00F9FD66 /* MobileTest */ = {
			isa = PBXGroup;
			children = (
				D308A8291CE61C4A00F9FD66 /* AppDelegate.swift */,
				D308A82B1CE61C4A00F9FD66 /* ViewController.swift */,
				D308A82D1CE61C4A00F9FD66 /* Main.storyboard */,
				D308A8301CE61C4A00F9FD66 /* Assets.xcassets */,
				D308A8321CE61C4A00F9FD66 /* LaunchScreen.storyboard */,
				D308A8351CE61C4A00F9FD66 /* Info.plist */,
			);
			path = MobileTest;
			sourceTree = "<group>";
		};
/* End PBXGroup section */

/* Begin PBXNativeTarget section */
		D308A8251CE61C4A00F9FD66 /* MobileTest */ = {
			isa = PBXNativeTarget;
			buildConfigurationList = D308A8381CE61C4A00F9FD66 /* Build configuration list for PBXNativeTarget "MobileTest" */;
			buildPhases = (
				D308A8221CE61C4A00F9FD66 /* Sources */,
				D308A8231CE61C4A00F9FD66 /* Frameworks */,
				D308A8241CE61C4A00F9FD66 /* Resources */,
			);
			buildRules = (
			);
			dependencies = (
			);
			name = MobileTest;
			productName = MobileTest;
			productReference = D308A8261CE61C4A00F9FD66 /* MobileTest.app */;
			productType = "com.apple.product-type.application";
		};
/* End PBXNativeTarget section */

/* Begin PBXProject section */
		D308A81E1CE61C4A00F9FD66 /* Project object */ = {
			isa = PBXProject;
			attributes = {
				LastSwiftUpdateCheck = 0730;
				LastUpgradeCheck = 0730;
				ORGANIZATIONNAME = PQThanh;
				TargetAttributes = {
					D308A8251CE61C4A00F9FD66 = {
						CreatedOnToolsVersion = 7.3.1;
					};
				};
			};
			buildConfigurationList = D308A8211CE61C4A00F9FD66 /* Build configuration list for PBXProject "MobileTest" */;
			compatibilityVersion = "Xcode 3.2";
			developmentRegion = English;
			hasScannedForEncodings = 0;
			knownRegions = (
				en,
				Base,
			);
			mainGroup = D308A81D1CE61C4A00F9FD66;
			productRefGroup = D308A8271CE61C4A00F9FD66 /* Products */;
			projectDirPath = "";
			projectRoot = "";
			targets = (
				D308A8251CE61C4A00F9FD66 /* MobileTest */,
			);
		};
/* End PBXProject section */

/* Begin PBXResourcesBuildPhase section */
		D308A8241CE61C4A00F9FD66 /* Resources */ = {
			isa = PBXResourcesBuildPhase;
			buildActionMask = 2147483647;
			files = (
				D308A8341CE61C4A00F9FD66 /* LaunchScreen.storyboard in Resources */,
				D308A8311CE61C4A00F9FD66 /* Assets.xcassets in Resources */,
				D308A82F1CE61C4A00F9FD66 /* Main.storyboard in Resources */,
			);
			runOnlyForDeploymentPostprocessing = 0;
		};
/* End PBXResourcesBuildPhase section */

/* Begin PBXSourcesBuildPhase section */
		D308A8221CE61C4A00F9FD66 /* Sources */ = {
			isa = PBXSourcesBuildPhase;
			buildActionMask = 2147483647;
			files = (
				D308A82C1CE61C4A00F9FD66 /* ViewController.swift in Sources */,
				D308A82A1CE61C4A00F9FD66 /* AppDelegate.swift in Sources */,
			);
			runOnlyForDeploymentPostprocessing = 0;
		};
/* End PBXSourcesBuildPhase section */

/* Begin PBXVariantGroup section */
		D308A82D1CE61C4A00F9FD66 /* Main.storyboard */ = {
			isa = PBXVariantGroup;
			children = (
				D308A82E1CE61C4A00F9FD66 /* Base */,
			);
			name = Main.storyboard;
			sourceTree = "<group>";
		};
		D308A8321CE61C4A00F9FD66 /* LaunchScreen.storyboard */ = {
			isa = PBXVariantGroup;
			children = (
				D308A8331CE61C4A00F9FD66 /* Base */,
			);
			name = LaunchScreen.storyboard;
			sourceTree = "<group>";
		};
/* End PBXVariantGroup section */

/* Begin XCBuildConfiguration section */
		D308A8361CE61C4A00F9FD66 /* Debug */ = {
			isa = XCBuildConfiguration;
			buildSettings = {
				ALWAYS_SEARCH_USER_PATHS = NO;
				CLANG_ANALYZER_NONNULL = YES;
				CLANG_CXX_LANGUAGE_STANDARD = "gnu++0x";
				CLANG_CXX_LIBRARY = "libc++";
				CLANG_ENABLE_MODULES = YES;
				CLANG_ENABLE_OBJC_ARC = YES;
				CLANG_WARN_BOOL_CONVERSION = YES;
				CLANG_WARN_CONSTANT_CONVERSION = YES;
				CLANG_WARN_DIRECT_OBJC_ISA_USAGE = YES_ERROR;
				CLANG_WARN_EMPTY_BODY = YES;
				CLANG_WARN_ENUM_CONVERSION = YES;
				CLANG_WARN_INT_CONVERSION = YES;
				CLANG_WARN_OBJC_ROOT_CLASS = YES_ERROR;
				CLANG_WARN_UNREACHABLE_CODE = YES;
				CLANG_WARN__DUPLICATE_METHOD_MATCH = YES;
				"CODE_SIGN_IDENTITY[sdk=iphoneos*]" = "iPhone Developer";
				COPY_PHASE_STRIP = NO;
				DEBUG_INFORMATION_FORMAT = dwarf;
				ENABLE_STRICT_OBJC_MSGSEND = YES;
				ENABLE_TESTABILITY = YES;
				GCC_C_LANGUAGE_STANDARD = gnu99;
				GCC_DYNAMIC_NO_PIC = NO;
				GCC_NO_COMMON_BLOCKS = YES;
				GCC_OPTIMIZATION_LEVEL = 0;
				GCC_PREPROCESSOR_DEFINITIONS = (
					"DEBUG=1",
					"$(inherited)",
				);
				GCC_WARN_64_TO_32_BIT_CONVERSION = YES;
				GCC_WARN_ABOUT_RETURN_TYPE = YES_ERROR;
				GCC_WARN_UNDECLARED_SELECTOR = YES;
				GCC_WARN_UNINITIALIZED_AUTOS = YES_AGGRESSIVE;
				GCC_WARN_UNUSED_FUNCTION = YES;
				GCC_WARN_UNUSED_VARIABLE = YES;
				IPHONEOS_DEPLOYMENT_TARGET = 9.3;
				MTL_ENABLE_DEBUG_INFO = YES;
				ONLY_ACTIVE_ARCH = YES;
				SDKROOT = iphoneos;
				SWIFT_OPTIMIZATION_LEVEL = "-Onone";
				TARGETED_DEVICE_FAMILY = "1,2";
			};
			name = Debug;
		};
		D308A8371CE61C4A00F9FD66 /* Release */ = {
			isa = XCBuildConfiguration;
			buildSettings = {
				ALWAYS_SEARCH_USER_PATHS = NO;
				CLANG_ANALYZER_NONNULL = YES;
				CLANG_CXX_LANGUAGE_STANDARD = "gnu++0x";
				CLANG_CXX_LIBRARY = "libc++";
				CLANG_ENABLE_MODULES = YES;
				CLANG_ENABLE_OBJC_ARC = YES;
				CLANG_WARN_BOOL_CONVERSION = YES;
				CLANG_WARN_CONSTANT_CONVERSION = YES;
				CLANG_WARN_DIRECT_OBJC_ISA_USAGE = YES_ERROR;
				CLANG_WARN_EMPTY_BODY = YES;
				CLANG_WARN_ENUM_CONVERSION = YES;
				CLANG_WARN_INT_CONVERSION = YES;
				CLANG_WARN_OBJC_ROOT_CLASS = YES_ERROR;
				CLANG_WARN_UNREACHABLE_CODE = YES;
				CLANG_WARN__DUPLICATE_METHOD_MATCH = YES;
				"CODE_SIGN_IDENTITY[sdk=iphoneos*]" = "iPhone Developer";
				COPY_PHASE_STRIP = NO;
				DEBUG_INFORMATION_FORMAT = "dwarf-with-dsym";
				ENABLE_NS_ASSERTIONS = NO;
				ENABLE_STRICT_OBJC_MSGSEND = YES;
				GCC_C_LANGUAGE_STANDARD = gnu99;
				GCC_NO_COMMON_BLOCKS = YES;
				GCC_WARN_64_TO_32_BIT_CONVERSION = YES;
				GCC_WARN_ABOUT_RETURN_TYPE = YES_ERROR;
				GCC_WARN_UNDECLARED_SELECTOR = YES;
				GCC_WARN_UNINITIALIZED_AUTOS = YES_AGGRESSIVE;
				GCC_WARN_UNUSED_FUNCTION = YES;
				GCC_WARN_UNUSED_VARIABLE = YES;
				IPHONEOS_DEPLOYMENT_TARGET = 9.3;
				MTL_ENABLE_DEBUG_INFO = NO;
				SDKROOT = iphoneos;
				TARGETED_DEVICE_FAMILY = "1,2";
				VALIDATE_PRODUCT = YES;
			};
			name = Release;
		};
		D308A8391CE61C4A00F9FD66 /* Debug */ = {
			isa = XCBuildConfiguration;
			buildSettings = {
				ASSETCATALOG_COMPILER_APPICON_NAME = AppIcon;
				INFOPLIST_FILE = MobileTest/Info.plist;
				LD_RUNPATH_SEARCH_PATHS = "$(inherited) @executable_path/Frameworks";
				PRODUCT_BUNDLE_IDENTIFIER = com.MobileTest;
				PRODUCT_NAME = "$(TARGET_NAME)";
			};
			name = Debug;
		};
		D308A83A1CE61C4A00F9FD66 /* Release */ = {
			isa = XCBuildConfiguration;
			buildSettings = {
				ASSETCATALOG_COMPILER_APPICON_NAME = AppIcon;
				INFOPLIST_FILE = MobileTest/Info.plist;
				LD_RUNPATH_SEARCH_PATHS = "$(inherited) @executable_path/Frameworks";
				PRODUCT_BUNDLE_IDENTIFIER = com.MobileTest;
				PRODUCT_NAME = "$(TARGET_NAME)";
			};
			name = Release;
		};
/* End XCBuildConfiguration section */

/* Begin XCConfigurationList section */
		D308A8211CE61C4A00F9FD66 /* Build configuration list for PBXProject "MobileTest" */ = {
			isa = XCConfigurationList;
			buildConfigurations = (
				D308A8361CE61C4A00F9FD66 /* Debug */,
				D308A8371CE61C4A00F9FD66 /* Release */,
			);
			defaultConfigurationIsVisible = 0;
			defaultConfigurationName = Release;
		};
		D308A8381CE61C4A00F9FD66 /* Build configuration list for PBXNativeTarget "MobileTest" */ = {
			isa = XCConfigurationList;
			buildConfigurations = (
				D308A8391CE61C4A00F9FD66 /* Debug */,
				D308A83A1CE61C4A00F9FD66 /* Release */,
			);
			defaultConfigurationIsVisible = 0;
		};
/* End XCConfigurationList section */
	};
	rootObject = D308A81E1CE61C4A00F9FD66 /* Project object */;
}
